# THIS IS AN AUTOGENERATED FILE. DO NOT EDIT THIS FILE DIRECTLY.
# yarn lockfile v1


"@openzeppelin/contracts@^3.4.0":
  version "3.4.2"
  resolved "https://registry.yarnpkg.com/@openzeppelin/contracts/-/contracts-3.4.2.tgz#d81f786fda2871d1eb8a8c5a73e455753ba53527"
  integrity sha512-z0zMCjyhhp4y7XKAcDAi3Vgms4T2PstwBdahiO0+9NaGICQKjynK3wduSRplTgk4LXmoO1yfDGO5RbjKYxtuxA==

ganache-time-traveler@^1.0.16:
  version "1.0.16"
  resolved "https://registry.yarnpkg.com/ganache-time-traveler/-/ganache-time-traveler-1.0.16.tgz#9ddeafd72c909ecd3501e4ec628a3af707334b3a"
  integrity sha512-oUaQge9tiT/zzcGqehqJcoH10claKi9QFhq7zI1Wa3KtdPobjgLVMYvqXCJuHCAZoS7sHvLB/N/rSnhmivxaKw==
